
Microsoft Visual Studio Solution File, Format Version 12.00
# Visual Studio Version 17
VisualStudioVersion = 17.7.34221.43
MinimumVisualStudioVersion = 10.0.40219.1
Project("{FAE04EC0-301F-11D3-BF4B-00C04F79EFBC}") = "ProblemSolver", "ProblemSolver\ProblemSolver.csproj", "{334DF519-9AE7-472A-ACE6-20BD1CF7D35C}"
EndProject
Global
	GlobalSection(SolutionConfigurationPlatforms) = preSolution
		Debug|Any CPU = Debug|Any CPU
		Release|Any CPU = Release|Any CPU
	EndGlobalSection
	GlobalSection(ProjectConfigurationPlatforms) = postSolution
		{334DF519-9AE7-472A-ACE6-20BD1CF7D35C}.Debug|Any CPU.ActiveCfg = Debug|Any CPU
		{334DF519-9AE7-472A-ACE6-20BD1CF7D35C}.Debug|Any CPU.Build.0 = Debug|Any CPU
		{334DF519-9AE7-472A-ACE6-20BD1CF7D35C}.Release|Any CPU.ActiveCfg = Release|Any CPU
		{334DF519-9AE7-472A-ACE6-20BD1CF7D35C}.Release|Any CPU.Build.0 = Release|Any CPU
	EndGlobalSection
	GlobalSection(SolutionProperties) = preSolution
		HideSolutionNode = FALSE
	EndGlobalSection
	GlobalSection(ExtensibilityGlobals) = postSolution
		SolutionGuid = {405F7393-B776-4CCE-98F3-80FC60AB4A9B}
	EndGlobalSection
EndGlobal
